<?xml version="1.0" encoding="utf-8"?>
<Project ToolsVersion="4.0" xmlns="http://schemas.microsoft.com/developer/msbuild/2003">
  <ItemGroup>
    <Filter Include="Source Files">
      <UniqueIdentifier>{4FC737F1-C7A5-4376-A066-2A32D752A2FF}</UniqueIdentifier>
      <Extensions>cpp;c;cc;cxx;c++;cppm;ixx;def;odl;idl;hpj;bat;asm;asmx</Extensions>
    </Filter>
    <Filter Include="Header Files">
      <UniqueIdentifier>{93995380-89BD-4b04-88EB-625FBE52EBFB}</UniqueIdentifier>
      <Extensions>h;hh;hpp;hxx;h++;hm;inl;inc;ipp;xsd</Extensions>
    </Filter>
    <Filter Include="Resource Files">
      <UniqueIdentifier>{67DA6AB6-F800-4c08-8B7A-83BB121AAD01}</UniqueIdentifier>
      <Extensions>rc;ico;cur;bmp;dlg;rc2;rct;bin;rgs;gif;jpg;jpeg;jpe;resx;tiff;tif;png;wav;mfcribbon-ms</Extensions>
    </Filter>
    <Filter Include="Source Files\neural">
      <UniqueIdentifier>{f36a2086-1d3e-48c5-b46b-f2e7c6732519}</UniqueIdentifier>
    </Filter>
    <Filter Include="Header Files\neural">
      <UniqueIdentifier>{79f19384-d8bb-4005-8e2e-f763c22d816a}</UniqueIdentifier>
    </Filter>
    <Filter Include="Header Files\tiles">
      <UniqueIdentifier>{c2eb944d-3255-40d9-9365-96f7d2c685ee}</UniqueIdentifier>
    </Filter>
    <Filter Include="Source Files\tiles">
      <UniqueIdentifier>{c8b41ac2-07e3-4dff-9c6d-1b558023336e}</UniqueIdentifier>
    </Filter>
  </ItemGroup>
  <ItemGroup>
    <ClCompile Include="src\main.cpp">
      <Filter>Source Files</Filter>
    </ClCompile>
    <ClCompile Include="src\neural\node.cpp">
      <Filter>Source Files\neural</Filter>
    </ClCompile>
    <ClCompile Include="src\neural\net.cpp">
      <Filter>Source Files\neural</Filter>
    </ClCompile>
    <ClCompile Include="src\neural\link.cpp">
      <Filter>Source Files\neural</Filter>
    </ClCompile>
    <ClCompile Include="src\neural\layer.cpp">
      <Filter>Source Files\neural</Filter>
    </ClCompile>
    <ClCompile Include="src\tiles\road_tile.cpp">
      <Filter>Source Files\tiles</Filter>
    </ClCompile>
    <ClCompile Include="src\tiles\tile_grid.cpp">
      <Filter>Source Files\tiles</Filter>
    </ClCompile>
    <ClCompile Include="src\tiles\tile_manager.cpp">
      <Filter>Source Files\tiles</Filter>
    </ClCompile>
    <ClCompile Include="src\tiles\road_tile_grass.cpp">
      <Filter>Source Files\tiles</Filter>
    </ClCompile>
    <ClCompile Include="src\tiles\road_tile_straight.cpp">
      <Filter>Source Files\tiles</Filter>
    </ClCompile>
    <ClCompile Include="src\tiles\road_tile_corner.cpp">
      <Filter>Source Files\tiles</Filter>
    </ClCompile>
  </ItemGroup>
  <ItemGroup>
    <ClInclude Include="hdr\neural\neural_exception.h">
      <Filter>Header Files\neural</Filter>
    </ClInclude>
    <ClInclude Include="hdr\neural\layer.h">
      <Filter>Header Files\neural</Filter>
    </ClInclude>
    <ClInclude Include="hdr\neural\link.h">
      <Filter>Header Files\neural</Filter>
    </ClInclude>
    <ClInclude Include="hdr\neural\node.h">
      <Filter>Header Files\neural</Filter>
    </ClInclude>
    <ClInclude Include="hdr\neural\net.h">
      <Filter>Header Files\neural</Filter>
    </ClInclude>
    <ClInclude Include="hdr\tiles\road_tile.h">
      <Filter>Header Files\tiles</Filter>
    </ClInclude>
    <ClInclude Include="hdr\tiles\tile_manager.h">
      <Filter>Header Files\tiles</Filter>
    </ClInclude>
    <ClInclude Include="hdr\tiles\tile_grid.h">
      <Filter>Header Files\tiles</Filter>
    </ClInclude>
    <ClInclude Include="hdr\tiles\road_tile_grass.h">
      <Filter>Header Files\tiles</Filter>
    </ClInclude>
    <ClInclude Include="hdr\tiles\road_tile_straight.h">
      <Filter>Header Files\tiles</Filter>
    </ClInclude>
    <ClInclude Include="hdr\tiles\road_tile_corner.h">
      <Filter>Header Files\tiles</Filter>
    </ClInclude>
  </ItemGroup>
  <ItemGroup>
    <None Include="packages.config" />
  </ItemGroup>
</Project>